{
  "name": "wasm-bench",
  "version": "0.0.1",
  "lockfileVersion": 1,
  "requires": true,
  "dependencies": {
    "@thi.ng/bench": {
      "version": "2.0.22",
      "resolved": "https://registry.npmjs.org/@thi.ng/bench/-/bench-2.0.22.tgz",
      "integrity": "sha512-kWO6cDnHp923ErJzKHp1D0O0ynoc8VhDsjpBrIHODSzoZxbSINnFFvTQM4ZPFInpLVcu38cgjTseFtQ0K3w7fQ==",
      "requires": {
        "tslib": "^2.0.3"
      }
    },
    "tslib": {
      "version": "2.0.3",
      "resolved": "https://registry.npmjs.org/tslib/-/tslib-2.0.3.tgz",
      "integrity": "sha512-uZtkfKblCEQtZKBF6EBXVZeQNl82yqtDQdv+eck8u7tdPxjLu2/lp5/uPW+um2tpuxINHWy3GhiccY7QgEaVHQ=="
    }
  }
}
